
Microsoft Visual Studio Solution File, Format Version 12.00
# Visual Studio Version 17
VisualStudioVersion = 17.5.33516.290
MinimumVisualStudioVersion = 10.0.40219.1
Project("{888888A0-9F3D-457C-B088-3A5042F75D52}") = "vitamiinisisaldus", "vitamiinisisaldus\vitamiinisisaldus.pyproj", "{5D5B418C-6FEF-4617-954A-3ECDE26AEB6D}"
EndProject
Global
	GlobalSection(SolutionConfigurationPlatforms) = preSolution
		Debug|Any CPU = Debug|Any CPU
		Release|Any CPU = Release|Any CPU
	EndGlobalSection
	GlobalSection(ProjectConfigurationPlatforms) = postSolution
		{5D5B418C-6FEF-4617-954A-3ECDE26AEB6D}.Debug|Any CPU.ActiveCfg = Debug|Any CPU
		{5D5B418C-6FEF-4617-954A-3ECDE26AEB6D}.Release|Any CPU.ActiveCfg = Release|Any CPU
	EndGlobalSection
	GlobalSection(SolutionProperties) = preSolution
		HideSolutionNode = FALSE
	EndGlobalSection
	GlobalSection(ExtensibilityGlobals) = postSolution
		SolutionGuid = {5880AE11-1929-424C-881B-DCABAE447E57}
	EndGlobalSection
EndGlobal
